
Microsoft Visual Studio Solution File, Format Version 12.00
# Visual Studio Version 17
VisualStudioVersion = 17.5.002.0
MinimumVisualStudioVersion = 10.0.40219.1
Project("{9A19103F-16F7-4668-BE54-9A1E7A4F7556}") = "AluguelCarroApi", "AluguelCarroApi\AluguelCarroApi.csproj", "{836987CD-C06C-4CC4-8E1B-6FCDCA57653D}"
EndProject
Global
	GlobalSection(SolutionConfigurationPlatforms) = preSolution
		Debug|Any CPU = Debug|Any CPU
		Release|Any CPU = Release|Any CPU
	EndGlobalSection
	GlobalSection(ProjectConfigurationPlatforms) = postSolution
		{836987CD-C06C-4CC4-8E1B-6FCDCA57653D}.Debug|Any CPU.ActiveCfg = Debug|Any CPU
		{836987CD-C06C-4CC4-8E1B-6FCDCA57653D}.Debug|Any CPU.Build.0 = Debug|Any CPU
		{836987CD-C06C-4CC4-8E1B-6FCDCA57653D}.Release|Any CPU.ActiveCfg = Release|Any CPU
		{836987CD-C06C-4CC4-8E1B-6FCDCA57653D}.Release|Any CPU.Build.0 = Release|Any CPU
	EndGlobalSection
	GlobalSection(SolutionProperties) = preSolution
		HideSolutionNode = FALSE
	EndGlobalSection
	GlobalSection(ExtensibilityGlobals) = postSolution
		SolutionGuid = {AF621827-9674-47CB-B680-F4531ACEE53D}
	EndGlobalSection
EndGlobal
